
Microsoft Visual Studio Solution File, Format Version 12.00
# Visual Studio Version 17
VisualStudioVersion = 17.7.34031.279
MinimumVisualStudioVersion = 10.0.40219.1
Project("{FAE04EC0-301F-11D3-BF4B-00C04F79EFBC}") = "WF", "WF.csproj", "{DBE00B6A-5F23-433F-96BA-4A6F69695E2F}"
EndProject
Global
	GlobalSection(SolutionConfigurationPlatforms) = preSolution
		Debug|Any CPU = Debug|Any CPU
		Release|Any CPU = Release|Any CPU
	EndGlobalSection
	GlobalSection(ProjectConfigurationPlatforms) = postSolution
		{DBE00B6A-5F23-433F-96BA-4A6F69695E2F}.Debug|Any CPU.ActiveCfg = Debug|Any CPU
		{DBE00B6A-5F23-433F-96BA-4A6F69695E2F}.Debug|Any CPU.Build.0 = Debug|Any CPU
		{DBE00B6A-5F23-433F-96BA-4A6F69695E2F}.Release|Any CPU.ActiveCfg = Release|Any CPU
		{DBE00B6A-5F23-433F-96BA-4A6F69695E2F}.Release|Any CPU.Build.0 = Release|Any CPU
	EndGlobalSection
	GlobalSection(SolutionProperties) = preSolution
		HideSolutionNode = FALSE
	EndGlobalSection
	GlobalSection(ExtensibilityGlobals) = postSolution
		SolutionGuid = {CADF7C3A-8140-480F-B2FF-941BD0D49DCF}
	EndGlobalSection
EndGlobal
